
Microsoft Visual Studio Solution File, Format Version 12.00
# Visual Studio Version 16
VisualStudioVersion = 16.0.28803.352
MinimumVisualStudioVersion = 10.0.40219.1
Project("{8BC9CEB8-8B4A-11D0-8D11-00A0C91BC942}") = "Project2", "Project2\Project2.vcxproj", "{1C479E72-E428-413D-8E97-2C43C36D5954}"
EndProject
Global
	GlobalSection(SolutionConfigurationPlatforms) = preSolution
		Debug|x64 = Debug|x64
		Debug|x86 = Debug|x86
		Release|x64 = Release|x64
		Release|x86 = Release|x86
	EndGlobalSection
	GlobalSection(ProjectConfigurationPlatforms) = postSolution
		{1C479E72-E428-413D-8E97-2C43C36D5954}.Debug|x64.ActiveCfg = Debug|x64
		{1C479E72-E428-413D-8E97-2C43C36D5954}.Debug|x64.Build.0 = Debug|x64
		{1C479E72-E428-413D-8E97-2C43C36D5954}.Debug|x86.ActiveCfg = Debug|Win32
		{1C479E72-E428-413D-8E97-2C43C36D5954}.Debug|x86.Build.0 = Debug|Win32
		{1C479E72-E428-413D-8E97-2C43C36D5954}.Release|x64.ActiveCfg = Release|x64
		{1C479E72-E428-413D-8E97-2C43C36D5954}.Release|x64.Build.0 = Release|x64
		{1C479E72-E428-413D-8E97-2C43C36D5954}.Release|x86.ActiveCfg = Release|Win32
		{1C479E72-E428-413D-8E97-2C43C36D5954}.Release|x86.Build.0 = Release|Win32
	EndGlobalSection
	GlobalSection(SolutionProperties) = preSolution
		HideSolutionNode = FALSE
	EndGlobalSection
	GlobalSection(ExtensibilityGlobals) = postSolution
		SolutionGuid = {5D7A919C-ECB9-41E0-B77F-216F510D4EA8}
	EndGlobalSection
EndGlobal
